
Microsoft Visual Studio Solution File, Format Version 12.00
# Visual Studio Version 16
VisualStudioVersion = 16.0.29613.14
MinimumVisualStudioVersion = 10.0.40219.1
Project("{FAE04EC0-301F-11D3-BF4B-00C04F79EFBC}") = "Lamba comparison", "Lamba comparison\Lamba comparison.csproj", "{7A43C4ED-F508-44B3-9B63-25872FBE04E7}"
EndProject
Global
	GlobalSection(SolutionConfigurationPlatforms) = preSolution
		Debug|Any CPU = Debug|Any CPU
		Release|Any CPU = Release|Any CPU
	EndGlobalSection
	GlobalSection(ProjectConfigurationPlatforms) = postSolution
		{7A43C4ED-F508-44B3-9B63-25872FBE04E7}.Debug|Any CPU.ActiveCfg = Debug|Any CPU
		{7A43C4ED-F508-44B3-9B63-25872FBE04E7}.Debug|Any CPU.Build.0 = Debug|Any CPU
		{7A43C4ED-F508-44B3-9B63-25872FBE04E7}.Release|Any CPU.ActiveCfg = Release|Any CPU
		{7A43C4ED-F508-44B3-9B63-25872FBE04E7}.Release|Any CPU.Build.0 = Release|Any CPU
	EndGlobalSection
	GlobalSection(SolutionProperties) = preSolution
		HideSolutionNode = FALSE
	EndGlobalSection
	GlobalSection(ExtensibilityGlobals) = postSolution
		SolutionGuid = {7E7EE705-3F13-4EE2-9BF7-41EC1A417268}
	EndGlobalSection
EndGlobal
