
Microsoft Visual Studio Solution File, Format Version 12.00
# Visual Studio Version 16
VisualStudioVersion = 16.0.29613.14
MinimumVisualStudioVersion = 10.0.40219.1
Project("{FAE04EC0-301F-11D3-BF4B-00C04F79EFBC}") = "Iterations", "Iterations\Iterations.csproj", "{027725A5-4B9A-4E40-A05B-1C7B0B22E1AD}"
EndProject
Global
	GlobalSection(SolutionConfigurationPlatforms) = preSolution
		Debug|Any CPU = Debug|Any CPU
		Release|Any CPU = Release|Any CPU
	EndGlobalSection
	GlobalSection(ProjectConfigurationPlatforms) = postSolution
		{027725A5-4B9A-4E40-A05B-1C7B0B22E1AD}.Debug|Any CPU.ActiveCfg = Debug|Any CPU
		{027725A5-4B9A-4E40-A05B-1C7B0B22E1AD}.Debug|Any CPU.Build.0 = Debug|Any CPU
		{027725A5-4B9A-4E40-A05B-1C7B0B22E1AD}.Release|Any CPU.ActiveCfg = Release|Any CPU
		{027725A5-4B9A-4E40-A05B-1C7B0B22E1AD}.Release|Any CPU.Build.0 = Release|Any CPU
	EndGlobalSection
	GlobalSection(SolutionProperties) = preSolution
		HideSolutionNode = FALSE
	EndGlobalSection
	GlobalSection(ExtensibilityGlobals) = postSolution
		SolutionGuid = {EBADB69A-8D9D-448C-BA3E-82553B38CE45}
	EndGlobalSection
EndGlobal
