
Microsoft Visual Studio Solution File, Format Version 12.00
# Visual Studio Version 16
VisualStudioVersion = 16.0.29613.14
MinimumVisualStudioVersion = 10.0.40219.1
Project("{FAE04EC0-301F-11D3-BF4B-00C04F79EFBC}") = "Strings", "Strings\Strings.csproj", "{A9D2120E-90BD-4865-B3F6-F16DE0B56207}"
EndProject
Global
	GlobalSection(SolutionConfigurationPlatforms) = preSolution
		Debug|Any CPU = Debug|Any CPU
		Release|Any CPU = Release|Any CPU
	EndGlobalSection
	GlobalSection(ProjectConfigurationPlatforms) = postSolution
		{A9D2120E-90BD-4865-B3F6-F16DE0B56207}.Debug|Any CPU.ActiveCfg = Debug|Any CPU
		{A9D2120E-90BD-4865-B3F6-F16DE0B56207}.Debug|Any CPU.Build.0 = Debug|Any CPU
		{A9D2120E-90BD-4865-B3F6-F16DE0B56207}.Release|Any CPU.ActiveCfg = Release|Any CPU
		{A9D2120E-90BD-4865-B3F6-F16DE0B56207}.Release|Any CPU.Build.0 = Release|Any CPU
	EndGlobalSection
	GlobalSection(SolutionProperties) = preSolution
		HideSolutionNode = FALSE
	EndGlobalSection
	GlobalSection(ExtensibilityGlobals) = postSolution
		SolutionGuid = {8BF9EAD6-E2F9-49BD-AF3E-2011906D6611}
	EndGlobalSection
EndGlobal
