
Microsoft Visual Studio Solution File, Format Version 12.00
# Visual Studio Version 16
VisualStudioVersion = 16.0.29613.14
MinimumVisualStudioVersion = 10.0.40219.1
Project("{FAE04EC0-301F-11D3-BF4B-00C04F79EFBC}") = "Anonymous income", "Anonymous income\Anonymous income.csproj", "{236B150A-C51F-47F2-AAB3-39D7EE5DE068}"
EndProject
Global
	GlobalSection(SolutionConfigurationPlatforms) = preSolution
		Debug|Any CPU = Debug|Any CPU
		Release|Any CPU = Release|Any CPU
	EndGlobalSection
	GlobalSection(ProjectConfigurationPlatforms) = postSolution
		{236B150A-C51F-47F2-AAB3-39D7EE5DE068}.Debug|Any CPU.ActiveCfg = Debug|Any CPU
		{236B150A-C51F-47F2-AAB3-39D7EE5DE068}.Debug|Any CPU.Build.0 = Debug|Any CPU
		{236B150A-C51F-47F2-AAB3-39D7EE5DE068}.Release|Any CPU.ActiveCfg = Release|Any CPU
		{236B150A-C51F-47F2-AAB3-39D7EE5DE068}.Release|Any CPU.Build.0 = Release|Any CPU
	EndGlobalSection
	GlobalSection(SolutionProperties) = preSolution
		HideSolutionNode = FALSE
	EndGlobalSection
	GlobalSection(ExtensibilityGlobals) = postSolution
		SolutionGuid = {967AEA06-0CFB-45AF-84EF-2FA12E09E547}
	EndGlobalSection
EndGlobal
