
Microsoft Visual Studio Solution File, Format Version 12.00
# Visual Studio Version 16
VisualStudioVersion = 16.0.29613.14
MinimumVisualStudioVersion = 10.0.40219.1
Project("{FAE04EC0-301F-11D3-BF4B-00C04F79EFBC}") = "General Methods", "General Methods\General Methods.csproj", "{27FEFDC1-3CE8-4364-AA50-B41CE7E6B535}"
EndProject
Global
	GlobalSection(SolutionConfigurationPlatforms) = preSolution
		Debug|Any CPU = Debug|Any CPU
		Release|Any CPU = Release|Any CPU
	EndGlobalSection
	GlobalSection(ProjectConfigurationPlatforms) = postSolution
		{27FEFDC1-3CE8-4364-AA50-B41CE7E6B535}.Debug|Any CPU.ActiveCfg = Debug|Any CPU
		{27FEFDC1-3CE8-4364-AA50-B41CE7E6B535}.Debug|Any CPU.Build.0 = Debug|Any CPU
		{27FEFDC1-3CE8-4364-AA50-B41CE7E6B535}.Release|Any CPU.ActiveCfg = Release|Any CPU
		{27FEFDC1-3CE8-4364-AA50-B41CE7E6B535}.Release|Any CPU.Build.0 = Release|Any CPU
	EndGlobalSection
	GlobalSection(SolutionProperties) = preSolution
		HideSolutionNode = FALSE
	EndGlobalSection
	GlobalSection(ExtensibilityGlobals) = postSolution
		SolutionGuid = {97E53D8C-DCD5-4319-9288-3FA8B835FBFB}
	EndGlobalSection
EndGlobal
