
Microsoft Visual Studio Solution File, Format Version 12.00
# Visual Studio Version 16
VisualStudioVersion = 16.0.29613.14
MinimumVisualStudioVersion = 10.0.40219.1
Project("{FAE04EC0-301F-11D3-BF4B-00C04F79EFBC}") = "CarInsuranceValidation", "CarInsuranceValidation\CarInsuranceValidation.csproj", "{C0BE0F17-596D-4A68-BE39-6D92840B43C8}"
EndProject
Global
	GlobalSection(SolutionConfigurationPlatforms) = preSolution
		Debug|Any CPU = Debug|Any CPU
		Release|Any CPU = Release|Any CPU
	EndGlobalSection
	GlobalSection(ProjectConfigurationPlatforms) = postSolution
		{C0BE0F17-596D-4A68-BE39-6D92840B43C8}.Debug|Any CPU.ActiveCfg = Debug|Any CPU
		{C0BE0F17-596D-4A68-BE39-6D92840B43C8}.Debug|Any CPU.Build.0 = Debug|Any CPU
		{C0BE0F17-596D-4A68-BE39-6D92840B43C8}.Release|Any CPU.ActiveCfg = Release|Any CPU
		{C0BE0F17-596D-4A68-BE39-6D92840B43C8}.Release|Any CPU.Build.0 = Release|Any CPU
	EndGlobalSection
	GlobalSection(SolutionProperties) = preSolution
		HideSolutionNode = FALSE
	EndGlobalSection
	GlobalSection(ExtensibilityGlobals) = postSolution
		SolutionGuid = {F58CCEA8-F931-426B-98D8-D5DF4B0405BC}
	EndGlobalSection
EndGlobal
