
Microsoft Visual Studio Solution File, Format Version 12.00
# Visual Studio Version 16
VisualStudioVersion = 16.0.29613.14
MinimumVisualStudioVersion = 10.0.40219.1
Project("{FAE04EC0-301F-11D3-BF4B-00C04F79EFBC}") = "Package quote program", "Package quote program\Package quote program.csproj", "{2B3B27F0-A0C4-4195-B247-E7E801B0DD8D}"
EndProject
Global
	GlobalSection(SolutionConfigurationPlatforms) = preSolution
		Debug|Any CPU = Debug|Any CPU
		Release|Any CPU = Release|Any CPU
	EndGlobalSection
	GlobalSection(ProjectConfigurationPlatforms) = postSolution
		{2B3B27F0-A0C4-4195-B247-E7E801B0DD8D}.Debug|Any CPU.ActiveCfg = Debug|Any CPU
		{2B3B27F0-A0C4-4195-B247-E7E801B0DD8D}.Debug|Any CPU.Build.0 = Debug|Any CPU
		{2B3B27F0-A0C4-4195-B247-E7E801B0DD8D}.Release|Any CPU.ActiveCfg = Release|Any CPU
		{2B3B27F0-A0C4-4195-B247-E7E801B0DD8D}.Release|Any CPU.Build.0 = Release|Any CPU
	EndGlobalSection
	GlobalSection(SolutionProperties) = preSolution
		HideSolutionNode = FALSE
	EndGlobalSection
	GlobalSection(ExtensibilityGlobals) = postSolution
		SolutionGuid = {F13DCD26-2D14-45E5-9357-D7D8458B9336}
	EndGlobalSection
EndGlobal
